{
	"name": "@anissoft/state",
	"version": "1.0.2",
	"lockfileVersion": 2,
	"requires": true,
	"packages": {
		"": {
			"name": "@anissoft/state",
			"version": "1.0.2",
			"license": "MIT",
			"dependencies": {
				"proxy-polyfill": "^0.3.2"
			}
		},
		"node_modules/proxy-polyfill": {
			"version": "0.3.2",
			"resolved": "https://registry.npmjs.org/proxy-polyfill/-/proxy-polyfill-0.3.2.tgz",
			"integrity": "sha512-ENKSXOMCewnQTOyqrQXxEjIhzT6dy572mtehiItbDoIUF5Sv5UkmRUc8kowg2MFvr232Uo8rwRpNg3V5kgTKbA=="
		}
	},
	"dependencies": {
		"proxy-polyfill": {
			"version": "0.3.2",
			"resolved": "https://registry.npmjs.org/proxy-polyfill/-/proxy-polyfill-0.3.2.tgz",
			"integrity": "sha512-ENKSXOMCewnQTOyqrQXxEjIhzT6dy572mtehiItbDoIUF5Sv5UkmRUc8kowg2MFvr232Uo8rwRpNg3V5kgTKbA=="
		}
	}
}
